{
  "version": 4,
  "terraform_version": "1.10.3",
  "serial": 44,
  "lineage": "8e9350e4-c53b-5540-c32f-a1302bd971f2",
  "outputs": {
    "jenkins_instance_public_ip": {
      "value": "54.145.128.3",
      "type": "string"
    },
    "s3_bucket_name": {
      "value": "terraform-jenkins1",
      "type": "string"
    }
  },
  "resources": [
    {
      "mode": "managed",
      "type": "aws_instance",
      "name": "Jenkins-Server",
      "provider": "provider[\"registry.terraform.io/hashicorp/aws\"]",
      "instances": [
        {
          "schema_version": 1,
          "attributes": {
            "ami": "ami-0df8c184d5f6ae949",
            "arn": "arn:aws:ec2:us-east-1:054037138496:instance/i-028588618018e79a8",
            "associate_public_ip_address": true,
            "availability_zone": "us-east-1d",
            "capacity_reservation_specification": [
              {
                "capacity_reservation_preference": "open",
                "capacity_reservation_target": []
              }
            ],
            "cpu_core_count": 1,
            "cpu_options": [
              {
                "amd_sev_snp": "",
                "core_count": 1,
                "threads_per_core": 1
              }
            ],
            "cpu_threads_per_core": 1,
            "credit_specification": [
              {
                "cpu_credits": "standard"
              }
            ],
            "disable_api_stop": false,
            "disable_api_termination": false,
            "ebs_block_device": [],
            "ebs_optimized": false,
            "enable_primary_ipv6": null,
            "enclave_options": [
              {
                "enabled": false
              }
            ],
            "ephemeral_block_device": [],
            "get_password_data": false,
            "hibernation": false,
            "host_id": "",
            "host_resource_group_arn": null,
            "iam_instance_profile": "",
            "id": "i-028588618018e79a8",
            "instance_initiated_shutdown_behavior": "stop",
            "instance_lifecycle": "",
            "instance_market_options": [],
            "instance_state": "running",
            "instance_type": "t2.micro",
            "ipv6_address_count": 0,
            "ipv6_addresses": [],
            "key_name": "terraformjenkins",
            "launch_template": [],
            "maintenance_options": [
              {
                "auto_recovery": "default"
              }
            ],
            "metadata_options": [
              {
                "http_endpoint": "enabled",
                "http_protocol_ipv6": "disabled",
                "http_put_response_hop_limit": 2,
                "http_tokens": "required",
                "instance_metadata_tags": "disabled"
              }
            ],
            "monitoring": false,
            "network_interface": [],
            "outpost_arn": "",
            "password_data": "",
            "placement_group": "",
            "placement_partition_number": 0,
            "primary_network_interface_id": "eni-0c1a426b3a5dd04b2",
            "private_dns": "ip-172-31-91-253.ec2.internal",
            "private_dns_name_options": [
              {
                "enable_resource_name_dns_a_record": false,
                "enable_resource_name_dns_aaaa_record": false,
                "hostname_type": "ip-name"
              }
            ],
            "private_ip": "172.31.91.253",
            "public_dns": "ec2-54-145-128-3.compute-1.amazonaws.com",
            "public_ip": "54.145.128.3",
            "root_block_device": [
              {
                "delete_on_termination": true,
                "device_name": "/dev/xvda",
                "encrypted": false,
                "iops": 3000,
                "kms_key_id": "",
                "tags": {},
                "tags_all": {},
                "throughput": 125,
                "volume_id": "vol-0cb50be076d11faa1",
                "volume_size": 8,
                "volume_type": "gp3"
              }
            ],
            "secondary_private_ips": [],
            "security_groups": [
              "sg_jenkins"
            ],
            "source_dest_check": true,
            "spot_instance_request_id": "",
            "subnet_id": "subnet-0e99d5d53ca4ca1b2",
            "tags": {
              "Name": "terraform-jenkins"
            },
            "tags_all": {
              "Name": "terraform-jenkins"
            },
            "tenancy": "default",
            "timeouts": null,
            "user_data": "6dd2cff27d288394f0f5131604acf82fb39ffcd4",
            "user_data_base64": null,
            "user_data_replace_on_change": false,
            "volume_tags": null,
            "vpc_security_group_ids": [
              "sg-0b23837f269faeeb5"
            ]
          },
          "sensitive_attributes": [],
          "private": "eyJlMmJmYjczMC1lY2FhLTExZTYtOGY4OC0zNDM2M2JjN2M0YzAiOnsiY3JlYXRlIjo2MDAwMDAwMDAwMDAsImRlbGV0ZSI6MTIwMDAwMDAwMDAwMCwicmVhZCI6OTAwMDAwMDAwMDAwLCJ1cGRhdGUiOjYwMDAwMDAwMDAwMH0sInNjaGVtYV92ZXJzaW9uIjoiMSJ9",
          "dependencies": [
            "aws_key_pair.terraformjenkins",
            "aws_security_group.sg_jenkins",
            "tls_private_key.generated"
          ]
        }
      ]
    },
    {
      "mode": "managed",
      "type": "aws_key_pair",
      "name": "terraformjenkins",
      "provider": "provider[\"registry.terraform.io/hashicorp/aws\"]",
      "instances": [
        {
          "schema_version": 1,
          "attributes": {
            "arn": "arn:aws:ec2:us-east-1:054037138496:key-pair/terraformjenkins",
            "fingerprint": "2b:52:9a:b4:1d:68:7e:fb:b7:c9:b1:86:76:ac:ae:3b",
            "id": "terraformjenkins",
            "key_name": "terraformjenkins",
            "key_name_prefix": "",
            "key_pair_id": "key-08da0b6f579dd4872",
            "key_type": "rsa",
            "public_key": "ssh-rsa AAAAB3NzaC1yc2EAAAADAQABAAABAQDA3+VAcu4Z/8SmlfvbciRVZqS30c5nA3VcwcCdzpbYhsuttyMHHqLogbklaZh6zZad2dkTFGzmwrn8UFwsLvzI7xtwM4vQxD5fyUPYynqXNNfrCO6fq0kgz6/DuESt9Iwr/zvl9yYhHhbSihylKewW0rSAjI3ed5cIKlQnx0b0xhqib3KedArSfKpvYH1TtjLavJ4sXptVd2o/ZXeZ+DvfBleGlhprw8r7XwP5P9uD6ZdNGZxcxBuf3jeYwN9BUWhyv/HRMnCFvRhjns5lZl//3Tce+pBYvVaRsBJZv9aOGPrtcTk8Kgght48kVVeATBG8pdKAfjaUEx8k6BoU3Ken",
            "tags": null,
            "tags_all": {}
          },
          "sensitive_attributes": [],
          "private": "eyJzY2hlbWFfdmVyc2lvbiI6IjEifQ==",
          "dependencies": [
            "tls_private_key.generated"
          ]
        }
      ]
    },
    {
      "mode": "managed",
      "type": "aws_s3_bucket",
      "name": "jenkins-bucket",
      "provider": "provider[\"registry.terraform.io/hashicorp/aws\"]",
      "instances": [
        {
          "schema_version": 0,
          "attributes": {
            "acceleration_status": "",
            "acl": null,
            "arn": "arn:aws:s3:::terraform-jenkins1",
            "bucket": "terraform-jenkins1",
            "bucket_domain_name": "terraform-jenkins1.s3.amazonaws.com",
            "bucket_prefix": "",
            "bucket_regional_domain_name": "terraform-jenkins1.s3.us-east-1.amazonaws.com",
            "cors_rule": [],
            "force_destroy": false,
            "grant": [
              {
                "id": "0ecf641be658927e646593603fa50ffc8012421c8c258399513105d9d2225599",
                "permissions": [
                  "FULL_CONTROL"
                ],
                "type": "CanonicalUser",
                "uri": ""
              }
            ],
            "hosted_zone_id": "Z3AQBSTGFYJSTF",
            "id": "terraform-jenkins1",
            "lifecycle_rule": [],
            "logging": [],
            "object_lock_configuration": [],
            "object_lock_enabled": false,
            "policy": "",
            "region": "us-east-1",
            "replication_configuration": [],
            "request_payer": "BucketOwner",
            "server_side_encryption_configuration": [
              {
                "rule": [
                  {
                    "apply_server_side_encryption_by_default": [
                      {
                        "kms_master_key_id": "",
                        "sse_algorithm": "AES256"
                      }
                    ],
                    "bucket_key_enabled": false
                  }
                ]
              }
            ],
            "tags": null,
            "tags_all": {},
            "timeouts": null,
            "versioning": [
              {
                "enabled": false,
                "mfa_delete": false
              }
            ],
            "website": [],
            "website_domain": null,
            "website_endpoint": null
          },
          "sensitive_attributes": [],
          "private": "eyJlMmJmYjczMC1lY2FhLTExZTYtOGY4OC0zNDM2M2JjN2M0YzAiOnsiY3JlYXRlIjoxMjAwMDAwMDAwMDAwLCJkZWxldGUiOjM2MDAwMDAwMDAwMDAsInJlYWQiOjEyMDAwMDAwMDAwMDAsInVwZGF0ZSI6MTIwMDAwMDAwMDAwMH19"
        }
      ]
    },
    {
      "mode": "managed",
      "type": "aws_s3_bucket_public_access_block",
      "name": "jenkins-bucket",
      "provider": "provider[\"registry.terraform.io/hashicorp/aws\"]",
      "instances": [
        {
          "schema_version": 0,
          "attributes": {
            "block_public_acls": true,
            "block_public_policy": true,
            "bucket": "terraform-jenkins1",
            "id": "terraform-jenkins1",
            "ignore_public_acls": true,
            "restrict_public_buckets": true
          },
          "sensitive_attributes": [],
          "private": "bnVsbA==",
          "dependencies": [
            "aws_s3_bucket.jenkins-bucket"
          ]
        }
      ]
    },
    {
      "mode": "managed",
      "type": "aws_security_group",
      "name": "sg_jenkins",
      "provider": "provider[\"registry.terraform.io/hashicorp/aws\"]",
      "instances": [
        {
          "schema_version": 1,
          "attributes": {
            "arn": "arn:aws:ec2:us-east-1:054037138496:security-group/sg-0b23837f269faeeb5",
            "description": "Allow SSH and port 8080 inbound traffic",
            "egress": [
              {
                "cidr_blocks": [
                  "0.0.0.0/0"
                ],
                "description": "",
                "from_port": 0,
                "ipv6_cidr_blocks": [],
                "prefix_list_ids": [],
                "protocol": "-1",
                "security_groups": [],
                "self": false,
                "to_port": 0
              }
            ],
            "id": "sg-0b23837f269faeeb5",
            "ingress": [
              {
                "cidr_blocks": [
                  "0.0.0.0/0"
                ],
                "description": "",
                "from_port": 22,
                "ipv6_cidr_blocks": [],
                "prefix_list_ids": [],
                "protocol": "tcp",
                "security_groups": [],
                "self": false,
                "to_port": 22
              },
              {
                "cidr_blocks": [
                  "0.0.0.0/0"
                ],
                "description": "",
                "from_port": 8080,
                "ipv6_cidr_blocks": [],
                "prefix_list_ids": [],
                "protocol": "tcp",
                "security_groups": [],
                "self": false,
                "to_port": 8080
              }
            ],
            "name": "sg_jenkins",
            "name_prefix": "",
            "owner_id": "054037138496",
            "revoke_rules_on_delete": false,
            "tags": {
              "Name": "sg_jenkins"
            },
            "tags_all": {
              "Name": "sg_jenkins"
            },
            "timeouts": null,
            "vpc_id": "vpc-07fa2ee0d82d82ccc"
          },
          "sensitive_attributes": [],
          "private": "eyJlMmJmYjczMC1lY2FhLTExZTYtOGY4OC0zNDM2M2JjN2M0YzAiOnsiY3JlYXRlIjo2MDAwMDAwMDAwMDAsImRlbGV0ZSI6OTAwMDAwMDAwMDAwfSwic2NoZW1hX3ZlcnNpb24iOiIxIn0="
        }
      ]
    },
    {
      "mode": "managed",
      "type": "local_file",
      "name": "private_key_pem",
      "provider": "provider[\"registry.terraform.io/hashicorp/local\"]",
      "instances": [
        {
          "schema_version": 0,
          "attributes": {
            "content": "-----BEGIN RSA PRIVATE KEY-----\nMIIEpQIBAAKCAQEAwN/lQHLuGf/EppX723IkVWakt9HOZwN1XMHAnc6W2IbLrbcj\nBx6i6IG5JWmYes2WndnZExRs5sK5/FBcLC78yO8bcDOL0MQ+X8lD2Mp6lzTX6wju\nn6tJIM+vw7hErfSMK/875fcmIR4W0oocpSnsFtK0gIyN3neXCCpUJ8dG9MYaom9y\nnnQK0nyqb2B9U7Yy2ryeLF6bVXdqP2V3mfg73wZXhpYaa8PK+18D+T/bg+mXTRmc\nXMQbn943mMDfQVFocr/x0TJwhb0YY57OZWZf/903HvqQWL1WkbASWb/Wjhj67XE5\nPCoIIbePJFVXgEwRvKXSgH42lBMfJOgaFNynpwIDAQABAoIBAAUACO5xzFBqPAvh\niYT34Y9BOPX2/3XWNh2wfDDbITf9zpvzSnotxiVm74jTwvs0BzqSYjlHZ0dYNwAe\niTUwBqei40A2ZeKEo+VRz2t4XFM9MHfMZHtJMn0iRTk6trUXyOZ/GGtuy9NB929/\n2xxBCPjSf5Fxk1/4E7dHeaUKWoGP8a1ROlPSCj0W+1PUuFn7uUfrmIhAdVtMH/ez\n0IlL+wmI2+OGjHjFz1pi+zh+R8HhByXJzMUn/7Da19EMe8Y5xFEYKkgkOM7tf0Yu\nBulc5Lg0K3PzilA8sul3jCvyHYjRzVnkfTs6hchmcjjVWzAg43sVOe2ngHleUWdM\nghEcUgECgYEA3NmGFz1B4qso6x1Ln1HNigr/CW2/Oe93+wgy+YrtDnJDwj79+1AN\njJ1lUgpxJ91u3fl3ZC1XleIIbL/jz2mUWeZ1/kfX3oppim6Fe3c8cz+nIVBq2ieP\nsmXhjMaRmwuwXHjeeW7kZHRP4dKkxvpGP/R6amIlYPQQCCI15yjj0KcCgYEA35KI\nEr8DIwLUg2EkXAScE2THTo1aR149n8J0moUYsCJ99hthRomDS79ptQaJ9JFqv4g6\nUagADuEp62jdimMIdtZZahKx+GtiSlooYLvd+KPAAZkSdZXUHeSeNX29wVH9nNgL\nRaU6o2M8yoIe21Y/IrMecmHvpIYggZjImDvsUQECgYEApaDFPZyFUvdGYr2/vyZc\nXZDNoEacSVjcxHlrsVaNXm43fvA7DkUFRFWubQ7DukAJK5QyBAE1VIUGCHkI4r6t\nsZZzG1bKAG4RpO4qUWQlA9HTB9sFp8JPtF1QAIHTJVJo25ESWEPgKa5JUnTlewyr\nrr8tJ6efnMytUUxG3Kv/3rUCgYEAuQfNxC3/y5cJCF56OAm8njRW2wUThWNSfwjx\ndfzXTNaPBwLsA/PFDQiy1JY/0IAVJ8T39yKiQa5KAkF8sI57r9aAk9A7KIy/ASgS\nqNRyxdfIDcqAw34n2kGeSkjxpbBUw9ztn0s694QnCLaeEQsVH4O8nA+/xJsZBgjL\nY2qcjwECgYEA1ciVPWSDafOzKrDQbasbru9+YQYW+r85uU4n/mTgn9PdqiMYYiFW\nerM0w2UD/EwnqSUMo/9TLSNJpqlveP9VHU3qszOCLEHYKrzsnvASQvDysc5eyD6I\nphMmVQpHl1Wt1NTY+xBXrDTVdjnaeRYNQFurwgbH5x52UlUsWuorvc8=\n-----END RSA PRIVATE KEY-----\n",
            "content_base64": null,
            "content_base64sha256": "tbCvAemxmKoQIS56f24hEQafYntBMJJfp9qGcnzD9NY=",
            "content_base64sha512": "WYLZtZNLODoy7IEZ/ggofdLI39KWEyVkmyVJlE3/WXOstksYoByUjLHFWSW5Cpcrkjx/hm35VckI8rYDaX34uQ==",
            "content_md5": "4b089b70ce32087afa72547880d3a803",
            "content_sha1": "0f30224b8098f9951242a42f4b4dbbb96621f15d",
            "content_sha256": "b5b0af01e9b198aa10212e7a7f6e2111069f627b4130925fa7da86727cc3f4d6",
            "content_sha512": "5982d9b5934b383a32ec8119fe08287dd2c8dfd2961325649b2549944dff5973acb64b18a01c948cb1c55925b90a972b923c7f866df955c908f2b603697df8b9",
            "directory_permission": "0777",
            "file_permission": "0777",
            "filename": "terraformjenkins.pem",
            "id": "0f30224b8098f9951242a42f4b4dbbb96621f15d",
            "sensitive_content": null,
            "source": null
          },
          "sensitive_attributes": [
            [
              {
                "type": "get_attr",
                "value": "sensitive_content"
              }
            ],
            [
              {
                "type": "get_attr",
                "value": "content"
              }
            ]
          ],
          "dependencies": [
            "tls_private_key.generated"
          ]
        }
      ]
    },
    {
      "mode": "managed",
      "type": "tls_private_key",
      "name": "generated",
      "provider": "provider[\"registry.terraform.io/hashicorp/tls\"]",
      "instances": [
        {
          "schema_version": 0,
          "attributes": {
            "algorithm": "RSA",
            "ecdsa_curve": "P224",
            "id": "e7e01f9f7f4243c085e7a394f1344eb9d9f96a57",
            "private_key_pem": "-----BEGIN RSA PRIVATE KEY-----\nMIIEpQIBAAKCAQEAwN/lQHLuGf/EppX723IkVWakt9HOZwN1XMHAnc6W2IbLrbcj\nBx6i6IG5JWmYes2WndnZExRs5sK5/FBcLC78yO8bcDOL0MQ+X8lD2Mp6lzTX6wju\nn6tJIM+vw7hErfSMK/875fcmIR4W0oocpSnsFtK0gIyN3neXCCpUJ8dG9MYaom9y\nnnQK0nyqb2B9U7Yy2ryeLF6bVXdqP2V3mfg73wZXhpYaa8PK+18D+T/bg+mXTRmc\nXMQbn943mMDfQVFocr/x0TJwhb0YY57OZWZf/903HvqQWL1WkbASWb/Wjhj67XE5\nPCoIIbePJFVXgEwRvKXSgH42lBMfJOgaFNynpwIDAQABAoIBAAUACO5xzFBqPAvh\niYT34Y9BOPX2/3XWNh2wfDDbITf9zpvzSnotxiVm74jTwvs0BzqSYjlHZ0dYNwAe\niTUwBqei40A2ZeKEo+VRz2t4XFM9MHfMZHtJMn0iRTk6trUXyOZ/GGtuy9NB929/\n2xxBCPjSf5Fxk1/4E7dHeaUKWoGP8a1ROlPSCj0W+1PUuFn7uUfrmIhAdVtMH/ez\n0IlL+wmI2+OGjHjFz1pi+zh+R8HhByXJzMUn/7Da19EMe8Y5xFEYKkgkOM7tf0Yu\nBulc5Lg0K3PzilA8sul3jCvyHYjRzVnkfTs6hchmcjjVWzAg43sVOe2ngHleUWdM\nghEcUgECgYEA3NmGFz1B4qso6x1Ln1HNigr/CW2/Oe93+wgy+YrtDnJDwj79+1AN\njJ1lUgpxJ91u3fl3ZC1XleIIbL/jz2mUWeZ1/kfX3oppim6Fe3c8cz+nIVBq2ieP\nsmXhjMaRmwuwXHjeeW7kZHRP4dKkxvpGP/R6amIlYPQQCCI15yjj0KcCgYEA35KI\nEr8DIwLUg2EkXAScE2THTo1aR149n8J0moUYsCJ99hthRomDS79ptQaJ9JFqv4g6\nUagADuEp62jdimMIdtZZahKx+GtiSlooYLvd+KPAAZkSdZXUHeSeNX29wVH9nNgL\nRaU6o2M8yoIe21Y/IrMecmHvpIYggZjImDvsUQECgYEApaDFPZyFUvdGYr2/vyZc\nXZDNoEacSVjcxHlrsVaNXm43fvA7DkUFRFWubQ7DukAJK5QyBAE1VIUGCHkI4r6t\nsZZzG1bKAG4RpO4qUWQlA9HTB9sFp8JPtF1QAIHTJVJo25ESWEPgKa5JUnTlewyr\nrr8tJ6efnMytUUxG3Kv/3rUCgYEAuQfNxC3/y5cJCF56OAm8njRW2wUThWNSfwjx\ndfzXTNaPBwLsA/PFDQiy1JY/0IAVJ8T39yKiQa5KAkF8sI57r9aAk9A7KIy/ASgS\nqNRyxdfIDcqAw34n2kGeSkjxpbBUw9ztn0s694QnCLaeEQsVH4O8nA+/xJsZBgjL\nY2qcjwECgYEA1ciVPWSDafOzKrDQbasbru9+YQYW+r85uU4n/mTgn9PdqiMYYiFW\nerM0w2UD/EwnqSUMo/9TLSNJpqlveP9VHU3qszOCLEHYKrzsnvASQvDysc5eyD6I\nphMmVQpHl1Wt1NTY+xBXrDTVdjnaeRYNQFurwgbH5x52UlUsWuorvc8=\n-----END RSA PRIVATE KEY-----\n",
            "public_key_fingerprint_md5": "71:2e:cd:9b:b7:a0:09:71:16:87:ba:a0:f0:35:30:f4",
            "public_key_openssh": "ssh-rsa AAAAB3NzaC1yc2EAAAADAQABAAABAQDA3+VAcu4Z/8SmlfvbciRVZqS30c5nA3VcwcCdzpbYhsuttyMHHqLogbklaZh6zZad2dkTFGzmwrn8UFwsLvzI7xtwM4vQxD5fyUPYynqXNNfrCO6fq0kgz6/DuESt9Iwr/zvl9yYhHhbSihylKewW0rSAjI3ed5cIKlQnx0b0xhqib3KedArSfKpvYH1TtjLavJ4sXptVd2o/ZXeZ+DvfBleGlhprw8r7XwP5P9uD6ZdNGZxcxBuf3jeYwN9BUWhyv/HRMnCFvRhjns5lZl//3Tce+pBYvVaRsBJZv9aOGPrtcTk8Kgght48kVVeATBG8pdKAfjaUEx8k6BoU3Ken\n",
            "public_key_pem": "-----BEGIN PUBLIC KEY-----\nMIIBIjANBgkqhkiG9w0BAQEFAAOCAQ8AMIIBCgKCAQEAwN/lQHLuGf/EppX723Ik\nVWakt9HOZwN1XMHAnc6W2IbLrbcjBx6i6IG5JWmYes2WndnZExRs5sK5/FBcLC78\nyO8bcDOL0MQ+X8lD2Mp6lzTX6wjun6tJIM+vw7hErfSMK/875fcmIR4W0oocpSns\nFtK0gIyN3neXCCpUJ8dG9MYaom9ynnQK0nyqb2B9U7Yy2ryeLF6bVXdqP2V3mfg7\n3wZXhpYaa8PK+18D+T/bg+mXTRmcXMQbn943mMDfQVFocr/x0TJwhb0YY57OZWZf\n/903HvqQWL1WkbASWb/Wjhj67XE5PCoIIbePJFVXgEwRvKXSgH42lBMfJOgaFNyn\npwIDAQAB\n-----END PUBLIC KEY-----\n",
            "rsa_bits": 2048
          },
          "sensitive_attributes": [
            [
              {
                "type": "get_attr",
                "value": "private_key_pem"
              }
            ]
          ],
          "private": "bnVsbA=="
        }
      ]
    }
  ],
  "check_results": null
}
